// !$*UTF8*$!
{
	archiveVersion = 1;
	classes = {
	};
	objectVersion = 46;
	objects = {

/* Begin PBXBuildFile section */
		F42A75771EF18F4E00F8D5F5 /* main.m in Sources */ = {isa = PBXBuildFile; fileRef = F42A75761EF18F4E00F8D5F5 /* main.m */; };
		F42A757A1EF18F4E00F8D5F5 /* AppDelegate.m in Sources */ = {isa = PBXBuildFile; fileRef = F42A75791EF18F4E00F8D5F5 /* AppDelegate.m */; };
		F42A757D1EF18F4E00F8D5F5 /* MainNavigationController.m in Sources */ = {isa = PBXBuildFile; fileRef = F42A757C1EF18F4E00F8D5F5 /* MainNavigationController.m */; };
		F42A75801EF18F4F00F8D5F5 /* Main.storyboard in Resources */ = {isa = PBXBuildFile; fileRef = F42A757E1EF18F4F00F8D5F5 /* Main.storyboard */; };
		F42A75821EF18F4F00F8D5F5 /* Assets.xcassets in Resources */ = {isa = PBXBuildFile; fileRef = F42A75811EF18F4F00F8D5F5 /* Assets.xcassets */; };
		F42A75851EF18F4F00F8D5F5 /* LaunchScreen.storyboard in Resources */ = {isa = PBXBuildFile; fileRef = F42A75831EF18F4F00F8D5F5 /* LaunchScreen.storyboard */; };
		F42A758E1EF18F9B00F8D5F5 /* DummyViewController.m in Sources */ = {isa = PBXBuildFile; fileRef = F42A758D1EF18F9B00F8D5F5 /* DummyViewController.m */; };
		F4F2C9D11EF824BA00AE0E9E /* JCBreadCrumbBarButtonItem.m in Sources */ = {isa = PBXBuildFile; fileRef = F4F2C9CE1EF824BA00AE0E9E /* JCBreadCrumbBarButtonItem.m */; };
		F4F2C9D21EF824BA00AE0E9E /* JCBreadCrumbMenuTableViewController.m in Sources */ = {isa = PBXBuildFile; fileRef = F4F2C9D01EF824BA00AE0E9E /* JCBreadCrumbMenuTableViewController.m */; };
/* End PBXBuildFile section */

/* Begin PBXFileReference section */
		F42A75721EF18F4E00F8D5F5 /* JCBreadcrumbBackButton.app */ = {isa = PBXFileReference; explicitFileType = wrapper.application; includeInIndex = 0; path = JCBreadcrumbBackButton.app; sourceTree = BUILT_PRODUCTS_DIR; };
		F42A75761EF18F4E00F8D5F5 /* main.m */ = {isa = PBXFileReference; lastKnownFileType = sourcecode.c.objc; path = main.m; sourceTree = "<group>"; };
		F42A75781EF18F4E00F8D5F5 /* AppDelegate.h */ = {isa = PBXFileReference; lastKnownFileType = sourcecode.c.h; path = AppDelegate.h; sourceTree = "<group>"; };
		F42A75791EF18F4E00F8D5F5 /* AppDelegate.m */ = {isa = PBXFileReference; lastKnownFileType = sourcecode.c.objc; path = AppDelegate.m; sourceTree = "<group>"; };
		F42A757B1EF18F4E00F8D5F5 /* MainNavigationController.h */ = {isa = PBXFileReference; lastKnownFileType = sourcecode.c.h; path = MainNavigationController.h; sourceTree = "<group>"; };
		F42A757C1EF18F4E00F8D5F5 /* MainNavigationController.m */ = {isa = PBXFileReference; lastKnownFileType = sourcecode.c.objc; path = MainNavigationController.m; sourceTree = "<group>"; };
		F42A757F1EF18F4F00F8D5F5 /* Base */ = {isa = PBXFileReference; lastKnownFileType = file.storyboard; name = Base; path = Base.lproj/Main.storyboard; sourceTree = "<group>"; };
		F42A75811EF18F4F00F8D5F5 /* Assets.xcassets */ = {isa = PBXFileReference; lastKnownFileType = folder.assetcatalog; path = Assets.xcassets; sourceTree = "<group>"; };
		F42A75841EF18F4F00F8D5F5 /* Base */ = {isa = PBXFileReference; lastKnownFileType = file.storyboard; name = Base; path = Base.lproj/LaunchScreen.storyboard; sourceTree = "<group>"; };
		F42A75861EF18F4F00F8D5F5 /* Info.plist */ = {isa = PBXFileReference; lastKnownFileType = text.plist.xml; path = Info.plist; sourceTree = "<group>"; };
		F42A758C1EF18F9B00F8D5F5 /* DummyViewController.h */ = {isa = PBXFileReference; fileEncoding = 4; lastKnownFileType = sourcecode.c.h; path = DummyViewController.h; sourceTree = "<group>"; };
		F42A758D1EF18F9B00F8D5F5 /* DummyViewController.m */ = {isa = PBXFileReference; fileEncoding = 4; lastKnownFileType = sourcecode.c.objc; path = DummyViewController.m; sourceTree = "<group>"; };
		F4F2C9CD1EF824BA00AE0E9E /* JCBreadCrumbBarButtonItem.h */ = {isa = PBXFileReference; fileEncoding = 4; lastKnownFileType = sourcecode.c.h; name = JCBreadCrumbBarButtonItem.h; path = JCBreadCrumb/JCBreadCrumbBarButtonItem.h; sourceTree = "<group>"; };
		F4F2C9CE1EF824BA00AE0E9E /* JCBreadCrumbBarButtonItem.m */ = {isa = PBXFileReference; fileEncoding = 4; lastKnownFileType = sourcecode.c.objc; name = JCBreadCrumbBarButtonItem.m; path = JCBreadCrumb/JCBreadCrumbBarButtonItem.m; sourceTree = "<group>"; };
		F4F2C9CF1EF824BA00AE0E9E /* JCBreadCrumbMenuTableViewController.h */ = {isa = PBXFileReference; fileEncoding = 4; lastKnownFileType = sourcecode.c.h; name = JCBreadCrumbMenuTableViewController.h; path = JCBreadCrumb/JCBreadCrumbMenuTableViewController.h; sourceTree = "<group>"; };
		F4F2C9D01EF824BA00AE0E9E /* JCBreadCrumbMenuTableViewController.m */ = {isa = PBXFileReference; fileEncoding = 4; lastKnownFileType = sourcecode.c.objc; name = JCBreadCrumbMenuTableViewController.m; path = JCBreadCrumb/JCBreadCrumbMenuTableViewController.m; sourceTree = "<group>"; };
/* End PBXFileReference section */

/* Begin PBXFrameworksBuildPhase section */
		F42A756F1EF18F4E00F8D5F5 /* Frameworks */ = {
			isa = PBXFrameworksBuildPhase;
			buildActionMask = 2147483647;
			files = (
			);
			runOnlyForDeploymentPostprocessing = 0;
		};
/* End PBXFrameworksBuildPhase section */

/* Begin PBXGroup section */
		F42A75691EF18F4E00F8D5F5 = {
			isa = PBXGroup;
			children = (
				F42A75741EF18F4E00F8D5F5 /* JCBreadcrumbBackButton */,
				F42A75731EF18F4E00F8D5F5 /* Products */,
			);
			sourceTree = "<group>";
		};
		F42A75731EF18F4E00F8D5F5 /* Products */ = {
			isa = PBXGroup;
			children = (
				F42A75721EF18F4E00F8D5F5 /* JCBreadcrumbBackButton.app */,
			);
			name = Products;
			sourceTree = "<group>";
		};
		F42A75741EF18F4E00F8D5F5 /* JCBreadcrumbBackButton */ = {
			isa = PBXGroup;
			children = (
				F42A75781EF18F4E00F8D5F5 /* AppDelegate.h */,
				F42A75791EF18F4E00F8D5F5 /* AppDelegate.m */,
				F42A757B1EF18F4E00F8D5F5 /* MainNavigationController.h */,
				F42A757C1EF18F4E00F8D5F5 /* MainNavigationController.m */,
				F42A757E1EF18F4F00F8D5F5 /* Main.storyboard */,
				F42A758C1EF18F9B00F8D5F5 /* DummyViewController.h */,
				F42A758D1EF18F9B00F8D5F5 /* DummyViewController.m */,
				F4F2C9D31EF824C300AE0E9E /* JCBreadCrumb */,
				F42A75811EF18F4F00F8D5F5 /* Assets.xcassets */,
				F42A75831EF18F4F00F8D5F5 /* LaunchScreen.storyboard */,
				F42A75861EF18F4F00F8D5F5 /* Info.plist */,
				F42A75751EF18F4E00F8D5F5 /* Supporting Files */,
			);
			path = JCBreadcrumbBackButton;
			sourceTree = "<group>";
		};
		F42A75751EF18F4E00F8D5F5 /* Supporting Files */ = {
			isa = PBXGroup;
			children = (
				F42A75761EF18F4E00F8D5F5 /* main.m */,
			);
			name = "Supporting Files";
			sourceTree = "<group>";
		};
		F4F2C9D31EF824C300AE0E9E /* JCBreadCrumb */ = {
			isa = PBXGroup;
			children = (
				F4F2C9CD1EF824BA00AE0E9E /* JCBreadCrumbBarButtonItem.h */,
				F4F2C9CE1EF824BA00AE0E9E /* JCBreadCrumbBarButtonItem.m */,
				F4F2C9CF1EF824BA00AE0E9E /* JCBreadCrumbMenuTableViewController.h */,
				F4F2C9D01EF824BA00AE0E9E /* JCBreadCrumbMenuTableViewController.m */,
			);
			name = JCBreadCrumb;
			sourceTree = "<group>";
		};
/* End PBXGroup section */

/* Begin PBXNativeTarget section */
		F42A75711EF18F4E00F8D5F5 /* JCBreadcrumbBackButton */ = {
			isa = PBXNativeTarget;
			buildConfigurationList = F42A75891EF18F4F00F8D5F5 /* Build configuration list for PBXNativeTarget "JCBreadcrumbBackButton" */;
			buildPhases = (
				F42A756E1EF18F4E00F8D5F5 /* Sources */,
				F42A756F1EF18F4E00F8D5F5 /* Frameworks */,
				F42A75701EF18F4E00F8D5F5 /* Resources */,
			);
			buildRules = (
			);
			dependencies = (
			);
			name = JCBreadcrumbBackButton;
			productName = JCBreadcrumbBackButton;
			productReference = F42A75721EF18F4E00F8D5F5 /* JCBreadcrumbBackButton.app */;
			productType = "com.apple.product-type.application";
		};
/* End PBXNativeTarget section */

/* Begin PBXProject section */
		F42A756A1EF18F4E00F8D5F5 /* Project object */ = {
			isa = PBXProject;
			attributes = {
				LastUpgradeCheck = 0820;
				ORGANIZATIONNAME = "Joe Crozier";
				TargetAttributes = {
					F42A75711EF18F4E00F8D5F5 = {
						CreatedOnToolsVersion = 8.2.1;
						DevelopmentTeam = 7VUCELU5PL;
						ProvisioningStyle = Automatic;
					};
				};
			};
			buildConfigurationList = F42A756D1EF18F4E00F8D5F5 /* Build configuration list for PBXProject "JCBreadcrumbBackButton" */;
			compatibilityVersion = "Xcode 3.2";
			developmentRegion = English;
			hasScannedForEncodings = 0;
			knownRegions = (
				en,
				Base,
			);
			mainGroup = F42A75691EF18F4E00F8D5F5;
			productRefGroup = F42A75731EF18F4E00F8D5F5 /* Products */;
			projectDirPath = "";
			projectRoot = "";
			targets = (
				F42A75711EF18F4E00F8D5F5 /* JCBreadcrumbBackButton */,
			);
		};
/* End PBXProject section */

/* Begin PBXResourcesBuildPhase section */
		F42A75701EF18F4E00F8D5F5 /* Resources */ = {
			isa = PBXResourcesBuildPhase;
			buildActionMask = 2147483647;
			files = (
				F42A75851EF18F4F00F8D5F5 /* LaunchScreen.storyboard in Resources */,
				F42A75821EF18F4F00F8D5F5 /* Assets.xcassets in Resources */,
				F42A75801EF18F4F00F8D5F5 /* Main.storyboard in Resources */,
			);
			runOnlyForDeploymentPostprocessing = 0;
		};
/* End PBXResourcesBuildPhase section */

/* Begin PBXSourcesBuildPhase section */
		F42A756E1EF18F4E00F8D5F5 /* Sources */ = {
			isa = PBXSourcesBuildPhase;
			buildActionMask = 2147483647;
			files = (
				F42A757D1EF18F4E00F8D5F5 /* MainNavigationController.m in Sources */,
				F4F2C9D11EF824BA00AE0E9E /* JCBreadCrumbBarButtonItem.m in Sources */,
				F42A757A1EF18F4E00F8D5F5 /* AppDelegate.m in Sources */,
				F42A75771EF18F4E00F8D5F5 /* main.m in Sources */,
				F4F2C9D21EF824BA00AE0E9E /* JCBreadCrumbMenuTableViewController.m in Sources */,
				F42A758E1EF18F9B00F8D5F5 /* DummyViewController.m in Sources */,
			);
			runOnlyForDeploymentPostprocessing = 0;
		};
/* End PBXSourcesBuildPhase section */

/* Begin PBXVariantGroup section */
		F42A757E1EF18F4F00F8D5F5 /* Main.storyboard */ = {
			isa = PBXVariantGroup;
			children = (
				F42A757F1EF18F4F00F8D5F5 /* Base */,
			);
			name = Main.storyboard;
			sourceTree = "<group>";
		};
		F42A75831EF18F4F00F8D5F5 /* LaunchScreen.storyboard */ = {
			isa = PBXVariantGroup;
			children = (
				F42A75841EF18F4F00F8D5F5 /* Base */,
			);
			name = LaunchScreen.storyboard;
			sourceTree = "<group>";
		};
/* End PBXVariantGroup section */

/* Begin XCBuildConfiguration section */
		F42A75871EF18F4F00F8D5F5 /* Debug */ = {
			isa = XCBuildConfiguration;
			buildSettings = {
				ALWAYS_SEARCH_USER_PATHS = NO;
				CLANG_ANALYZER_NONNULL = YES;
				CLANG_CXX_LANGUAGE_STANDARD = "gnu++0x";
				CLANG_CXX_LIBRARY = "libc++";
				CLANG_ENABLE_MODULES = YES;
				CLANG_ENABLE_OBJC_ARC = YES;
				CLANG_WARN_BOOL_CONVERSION = YES;
				CLANG_WARN_CONSTANT_CONVERSION = YES;
				CLANG_WARN_DIRECT_OBJC_ISA_USAGE = YES_ERROR;
				CLANG_WARN_DOCUMENTATION_COMMENTS = YES;
				CLANG_WARN_EMPTY_BODY = YES;
				CLANG_WARN_ENUM_CONVERSION = YES;
				CLANG_WARN_INFINITE_RECURSION = YES;
				CLANG_WARN_INT_CONVERSION = YES;
				CLANG_WARN_OBJC_ROOT_CLASS = YES_ERROR;
				CLANG_WARN_SUSPICIOUS_MOVE = YES;
				CLANG_WARN_UNREACHABLE_CODE = YES;
				CLANG_WARN__DUPLICATE_METHOD_MATCH = YES;
				"CODE_SIGN_IDENTITY[sdk=iphoneos*]" = "iPhone Developer";
				COPY_PHASE_STRIP = NO;
				DEBUG_INFORMATION_FORMAT = dwarf;
				ENABLE_STRICT_OBJC_MSGSEND = YES;
				ENABLE_TESTABILITY = YES;
				GCC_C_LANGUAGE_STANDARD = gnu99;
				GCC_DYNAMIC_NO_PIC = NO;
				GCC_NO_COMMON_BLOCKS = YES;
				GCC_OPTIMIZATION_LEVEL = 0;
				GCC_PREPROCESSOR_DEFINITIONS = (
					"DEBUG=1",
					"$(inherited)",
				);
				GCC_WARN_64_TO_32_BIT_CONVERSION = YES;
				GCC_WARN_ABOUT_RETURN_TYPE = YES_ERROR;
				GCC_WARN_UNDECLARED_SELECTOR = YES;
				GCC_WARN_UNINITIALIZED_AUTOS = YES_AGGRESSIVE;
				GCC_WARN_UNUSED_FUNCTION = YES;
				GCC_WARN_UNUSED_VARIABLE = YES;
				IPHONEOS_DEPLOYMENT_TARGET = 10.2;
				MTL_ENABLE_DEBUG_INFO = YES;
				ONLY_ACTIVE_ARCH = YES;
				SDKROOT = iphoneos;
			};
			name = Debug;
		};
		F42A75881EF18F4F00F8D5F5 /* Release */ = {
			isa = XCBuildConfiguration;
			buildSettings = {
				ALWAYS_SEARCH_USER_PATHS = NO;
				CLANG_ANALYZER_NONNULL = YES;
				CLANG_CXX_LANGUAGE_STANDARD = "gnu++0x";
				CLANG_CXX_LIBRARY = "libc++";
				CLANG_ENABLE_MODULES = YES;
				CLANG_ENABLE_OBJC_ARC = YES;
				CLANG_WARN_BOOL_CONVERSION = YES;
				CLANG_WARN_CONSTANT_CONVERSION = YES;
				CLANG_WARN_DIRECT_OBJC_ISA_USAGE = YES_ERROR;
				CLANG_WARN_DOCUMENTATION_COMMENTS = YES;
				CLANG_WARN_EMPTY_BODY = YES;
				CLANG_WARN_ENUM_CONVERSION = YES;
				CLANG_WARN_INFINITE_RECURSION = YES;
				CLANG_WARN_INT_CONVERSION = YES;
				CLANG_WARN_OBJC_ROOT_CLASS = YES_ERROR;
				CLANG_WARN_SUSPICIOUS_MOVE = YES;
				CLANG_WARN_UNREACHABLE_CODE = YES;
				CLANG_WARN__DUPLICATE_METHOD_MATCH = YES;
				"CODE_SIGN_IDENTITY[sdk=iphoneos*]" = "iPhone Developer";
				COPY_PHASE_STRIP = NO;
				DEBUG_INFORMATION_FORMAT = "dwarf-with-dsym";
				ENABLE_NS_ASSERTIONS = NO;
				ENABLE_STRICT_OBJC_MSGSEND = YES;
				GCC_C_LANGUAGE_STANDARD = gnu99;
				GCC_NO_COMMON_BLOCKS = YES;
				GCC_WARN_64_TO_32_BIT_CONVERSION = YES;
				GCC_WARN_ABOUT_RETURN_TYPE = YES_ERROR;
				GCC_WARN_UNDECLARED_SELECTOR = YES;
				GCC_WARN_UNINITIALIZED_AUTOS = YES_AGGRESSIVE;
				GCC_WARN_UNUSED_FUNCTION = YES;
				GCC_WARN_UNUSED_VARIABLE = YES;
				IPHONEOS_DEPLOYMENT_TARGET = 10.2;
				MTL_ENABLE_DEBUG_INFO = NO;
				SDKROOT = iphoneos;
				VALIDATE_PRODUCT = YES;
			};
			name = Release;
		};
		F42A758A1EF18F4F00F8D5F5 /* Debug */ = {
			isa = XCBuildConfiguration;
			buildSettings = {
				ASSETCATALOG_COMPILER_APPICON_NAME = AppIcon;
				DEVELOPMENT_TEAM = 7VUCELU5PL;
				INFOPLIST_FILE = JCBreadcrumbBackButton/Info.plist;
				LD_RUNPATH_SEARCH_PATHS = "$(inherited) @executable_path/Frameworks";
				PRODUCT_BUNDLE_IDENTIFIER = com.JC..JCBreadcrumbBackButton;
				PRODUCT_NAME = "$(TARGET_NAME)";
			};
			name = Debug;
		};
		F42A758B1EF18F4F00F8D5F5 /* Release */ = {
			isa = XCBuildConfiguration;
			buildSettings = {
				ASSETCATALOG_COMPILER_APPICON_NAME = AppIcon;
				DEVELOPMENT_TEAM = 7VUCELU5PL;
				INFOPLIST_FILE = JCBreadcrumbBackButton/Info.plist;
				LD_RUNPATH_SEARCH_PATHS = "$(inherited) @executable_path/Frameworks";
				PRODUCT_BUNDLE_IDENTIFIER = com.JC..JCBreadcrumbBackButton;
				PRODUCT_NAME = "$(TARGET_NAME)";
			};
			name = Release;
		};
/* End XCBuildConfiguration section */

/* Begin XCConfigurationList section */
		F42A756D1EF18F4E00F8D5F5 /* Build configuration list for PBXProject "JCBreadcrumbBackButton" */ = {
			isa = XCConfigurationList;
			buildConfigurations = (
				F42A75871EF18F4F00F8D5F5 /* Debug */,
				F42A75881EF18F4F00F8D5F5 /* Release */,
			);
			defaultConfigurationIsVisible = 0;
			defaultConfigurationName = Release;
		};
		F42A75891EF18F4F00F8D5F5 /* Build configuration list for PBXNativeTarget "JCBreadcrumbBackButton" */ = {
			isa = XCConfigurationList;
			buildConfigurations = (
				F42A758A1EF18F4F00F8D5F5 /* Debug */,
				F42A758B1EF18F4F00F8D5F5 /* Release */,
			);
			defaultConfigurationIsVisible = 0;
			defaultConfigurationName = Release;
		};
/* End XCConfigurationList section */
	};
	rootObject = F42A756A1EF18F4E00F8D5F5 /* Project object */;
}
